{
  "name": "audit",
  "lockfileVersion": 3,
  "requires": true,
  "packages": {
    "": {
      "dependencies": {
        "@kusto/language-service-next": "^12.4.1"
      }
    },
    "node_modules/@kusto/language-service-next": {
      "version": "12.4.1",
      "resolved": "https://registry.npmjs.org/@kusto/language-service-next/-/language-service-next-12.4.1.tgz",
      "integrity": "sha512-8Ybwi1DVxnFZ8+mnw38ruXjSGIxA2jwx1HeqjStvMa5kSHzHPtEYm5n7et1fwgn5KDUZJzsSNjuRroiI+j8brA==",
      "license": "MIT"
    }
  }
}
